# THIS IS AN AUTOGENERATED FILE. DO NOT EDIT THIS FILE DIRECTLY.
# yarn lockfile v1


bootstrap-tagsinput@^0.7.1:
  version "0.7.1"
  resolved "https://registry.yarnpkg.com/bootstrap-tagsinput/-/bootstrap-tagsinput-0.7.1.tgz#ffe3b06bbe2a106945ef2814568005a94f211937"
  integrity sha512-xSks67GWgXLnmO5gqp788vhh7WoXd9mHj5uKE5zg8rvw3sNYYSCjrSlrPRlPdpYKwmuxeuf2jsNjBSWEucyB1w==

jquery@>=1.7:
  version "3.7.1"
  resolved "https://registry.yarnpkg.com/jquery/-/jquery-3.7.1.tgz#083ef98927c9a6a74d05a6af02806566d16274de"
  integrity sha512-m4avr8yL8kmFN8psrbFFFmB/If14iN5o9nw/NgnnM+kybDJpRsAynV2BsfpTYrTRysYUdADVD7CkUUizgkpLfg==

typeahead.js@^0.11.1:
  version "0.11.1"
  resolved "https://registry.yarnpkg.com/typeahead.js/-/typeahead.js-0.11.1.tgz#4e64e671b22310a8606f4aec805924ba84b015b8"
  integrity sha512-yGaLzGjVHyryZdNfrWz2NHXUwEO7hrlVmGMGCo5+6mH3nEEhcQ0Te3mK3G60uRnxfERu8twOWSU4WmwScbwhMg==
  dependencies:
    jquery ">=1.7"

urlify@^0.3.6:
  version "0.3.6"
  resolved "https://registry.yarnpkg.com/urlify/-/urlify-0.3.6.tgz#83bb52af5ec04f6006b5f5f20b51e0dbec85fcff"
  integrity sha512-ugFWWSA0kv70m8BN4ozHd1tf+MTb0pnri+CLKGasCLElvkbDIoKo9ou7jlp0FDvXJs1vjnBeS6lkfJL9IqFA0Q==
